schema: '2.0'
stages:
  baseline-bucket-nsys:
    cmd: calkit slurm batch --name baseline-bucket-nsys --environment clima 
      --dep scripts/run.jl --dep ClimaCoupler.jl/src --dep 
      ClimaCoupler.jl/config/longrun_configs/amip_edonly.yml --dep 
      ClimaCoupler.jl/experiments/ClimaEarth/Manifest-v1.11.toml --dep 
      ClimaCoupler.jl/experiments/ClimaEarth/setup_run.jl --out 
      results/nsys/baseline-bucket.nsys-rep -s --gpus=1 -s --time=60 -- 
      scripts/run-nsys.sh results/nsys/baseline-bucket 
      ClimaCoupler.jl/experiments/ClimaEarth 
      ClimaCoupler.jl/config/longrun_configs/amip_edonly.yml
    deps:
    - path: ClimaCoupler.jl/config/longrun_configs/amip_edonly.yml
      hash: md5
      md5: 2bb9ee88715bbe5ea7734bb1062a8832
      size: 629
    - path: ClimaCoupler.jl/experiments/ClimaEarth/Manifest-v1.11.toml
      hash: md5
      md5: 5f8d9c85f2485ed9234d9b7a7c37313e
      size: 123621
    - path: ClimaCoupler.jl/experiments/ClimaEarth/setup_run.jl
      hash: md5
      md5: 6717a8d23dd2a378b1fe42a7c2131079
      size: 27316
    - path: ClimaCoupler.jl/src
      hash: md5
      md5: fd3699e89424b2b2933f19286b979359.dir
      size: 76450
      nfiles: 9
    - path: scripts/run-nsys.sh
      hash: md5
      md5: d36f4c26ca500ac13504e3e2fd62ab68
      size: 1524
    - path: scripts/run.jl
      hash: md5
      md5: 95e8d233ab47bbabe59e6437234a2179
      size: 955
    outs:
    - path: results/nsys/baseline-bucket.nsys-rep
      hash: md5
      md5: cf7ccb251418ffec640531922c40f9b7
      size: 1432966
  baseline-integrated-nsys:
    cmd: calkit slurm batch --name baseline-integrated-nsys --environment clima 
      --dep scripts/run.jl --dep ClimaCoupler.jl/src --dep 
      ClimaCoupler.jl/config/longrun_configs/amip_edonly_integrated_land.yml 
      --dep ClimaCoupler.jl/experiments/ClimaEarth/Manifest-v1.11.toml --dep 
      ClimaCoupler.jl/experiments/ClimaEarth/setup_run.jl --out 
      results/nsys/baseline-integrated.nsys-rep -s --gpus=1 -s --time=60 -- 
      scripts/run-nsys.sh results/nsys/baseline-integrated 
      ClimaCoupler.jl/experiments/ClimaEarth 
      ClimaCoupler.jl/config/longrun_configs/amip_edonly_integrated_land.yml
    deps:
    - path: 
        ClimaCoupler.jl/config/longrun_configs/amip_edonly_integrated_land.yml
      hash: md5
      md5: 1775fefe23e5809ae9de5f0fd4a6a0fc
      size: 619
    - path: ClimaCoupler.jl/experiments/ClimaEarth/Manifest-v1.11.toml
      hash: md5
      md5: 5f8d9c85f2485ed9234d9b7a7c37313e
      size: 123621
    - path: ClimaCoupler.jl/experiments/ClimaEarth/setup_run.jl
      hash: md5
      md5: 6717a8d23dd2a378b1fe42a7c2131079
      size: 27316
    - path: ClimaCoupler.jl/src
      hash: md5
      md5: fd3699e89424b2b2933f19286b979359.dir
      size: 76450
      nfiles: 9
    - path: scripts/run-nsys.sh
      hash: md5
      md5: d36f4c26ca500ac13504e3e2fd62ab68
      size: 1524
    - path: scripts/run.jl
      hash: md5
      md5: 95e8d233ab47bbabe59e6437234a2179
      size: 955
    outs:
    - path: results/nsys/baseline-integrated.nsys-rep
      hash: md5
      md5: c5379b6a93695afb9450da50228e0e8e
      size: 2032548
  mod-integrated-nsys:
    cmd: calkit slurm batch --name mod-integrated-nsys --environment clima --dep
      scripts/run.jl --dep ClimaCoupler.jl-mod/src --dep 
      ClimaCoupler.jl-mod/config/longrun_configs/amip_edonly_integrated_land.yml
      --dep ClimaCoupler.jl-mod/experiments/ClimaEarth/Manifest-v1.11.toml --dep
      ClimaCoupler.jl-mod/experiments/ClimaEarth/setup_run.jl --out 
      results/nsys/mod-integrated.nsys-rep -s --gpus=1 -s --time=60 -- 
      scripts/run-nsys.sh results/nsys/mod-integrated 
      ClimaCoupler.jl-mod/experiments/ClimaEarth 
      ClimaCoupler.jl-mod/config/longrun_configs/amip_edonly_integrated_land.yml
    deps:
    - path: 
        ClimaCoupler.jl-mod/config/longrun_configs/amip_edonly_integrated_land.yml
      hash: md5
      md5: 1775fefe23e5809ae9de5f0fd4a6a0fc
      size: 619
    - path: ClimaCoupler.jl-mod/experiments/ClimaEarth/Manifest-v1.11.toml
      hash: md5
      md5: 057bb49e66938c2bd1b50840f35f15e4
      size: 123629
    - path: ClimaCoupler.jl-mod/experiments/ClimaEarth/setup_run.jl
      hash: md5
      md5: 6717a8d23dd2a378b1fe42a7c2131079
      size: 27316
    - path: ClimaCoupler.jl-mod/src
      hash: md5
      md5: 8a9135e0f3397113fb43bfc881a21364.dir
      size: 79541
      nfiles: 9
    - path: scripts/run-nsys.sh
      hash: md5
      md5: d36f4c26ca500ac13504e3e2fd62ab68
      size: 1524
    - path: scripts/run.jl
      hash: md5
      md5: 95e8d233ab47bbabe59e6437234a2179
      size: 955
    outs:
    - path: results/nsys/mod-integrated.nsys-rep
      hash: md5
      md5: 4ea1ee4a712108f626872f7f054bcb64
      size: 2106564
  mod-bucket-nsys:
    cmd: calkit slurm batch --name mod-bucket-nsys --environment clima --dep 
      scripts/run.jl --dep ClimaCoupler.jl-mod/src --dep 
      ClimaCoupler.jl-mod/config/longrun_configs/amip_edonly.yml --dep 
      ClimaCoupler.jl-mod/experiments/ClimaEarth/Manifest-v1.11.toml --dep 
      ClimaCoupler.jl-mod/experiments/ClimaEarth/setup_run.jl --out 
      results/nsys/mod-bucket.nsys-rep -s --gpus=1 -s --time=60 -- 
      scripts/run-nsys.sh results/nsys/mod-bucket 
      ClimaCoupler.jl-mod/experiments/ClimaEarth 
      ClimaCoupler.jl-mod/config/longrun_configs/amip_edonly.yml
    deps:
    - path: ClimaCoupler.jl-mod/config/longrun_configs/amip_edonly.yml
      hash: md5
      md5: 2bb9ee88715bbe5ea7734bb1062a8832
      size: 629
    - path: ClimaCoupler.jl-mod/experiments/ClimaEarth/Manifest-v1.11.toml
      hash: md5
      md5: 057bb49e66938c2bd1b50840f35f15e4
      size: 123629
    - path: ClimaCoupler.jl-mod/experiments/ClimaEarth/setup_run.jl
      hash: md5
      md5: 6717a8d23dd2a378b1fe42a7c2131079
      size: 27316
    - path: ClimaCoupler.jl-mod/src
      hash: md5
      md5: 8a9135e0f3397113fb43bfc881a21364.dir
      size: 79541
      nfiles: 9
    - path: scripts/run-nsys.sh
      hash: md5
      md5: d36f4c26ca500ac13504e3e2fd62ab68
      size: 1524
    - path: scripts/run.jl
      hash: md5
      md5: 95e8d233ab47bbabe59e6437234a2179
      size: 955
    outs:
    - path: results/nsys/mod-bucket.nsys-rep
      hash: md5
      md5: 7e76acf0365ba1cb2f558c06e55b107b
      size: 1200916
